
Microsoft Visual Studio Solution File, Format Version 12.00
# Visual Studio Version 17
VisualStudioVersion = 17.14.36429.23 d17.14
MinimumVisualStudioVersion = 10.0.40219.1
Project("{8BC9CEB8-8B4A-11D0-8D11-00A0C91BC942}") = "ChartDisplay", "ChartDisplayv2\ChartDisplay.vcxproj", "{10D891D2-D8FE-45C2-B4F0-F4DCF30D759C}"
EndProject
Global
	GlobalSection(SolutionConfigurationPlatforms) = preSolution
		Debug|x64 = Debug|x64
		Release|x64 = Release|x64
	EndGlobalSection
	GlobalSection(ProjectConfigurationPlatforms) = postSolution
		{10D891D2-D8FE-45C2-B4F0-F4DCF30D759C}.Debug|x64.ActiveCfg = Debug|x64
		{10D891D2-D8FE-45C2-B4F0-F4DCF30D759C}.Debug|x64.Build.0 = Debug|x64
		{10D891D2-D8FE-45C2-B4F0-F4DCF30D759C}.Release|x64.ActiveCfg = Release|x64
		{10D891D2-D8FE-45C2-B4F0-F4DCF30D759C}.Release|x64.Build.0 = Release|x64
	EndGlobalSection
	GlobalSection(SolutionProperties) = preSolution
		HideSolutionNode = FALSE
	EndGlobalSection
	GlobalSection(ExtensibilityGlobals) = postSolution
		SolutionGuid = {61F6D6A3-4C45-4F83-859E-22F63CBC1994}
	EndGlobalSection
EndGlobal
